// !$*UTF8*$!
{
	archiveVersion = 1;
	classes = {
	};
	objectVersion = 50;
	objects = {

/* Begin PBXBuildFile section */
		218E8A1224741D4700538A5C /* main.swift in Sources */ = {isa = PBXBuildFile; fileRef = 218E8A1124741D4700538A5C /* main.swift */; };
		218E8A1924741D6900538A5C /* AdjacencyList.swift in Sources */ = {isa = PBXBuildFile; fileRef = 218E8A1824741D6900538A5C /* AdjacencyList.swift */; };
		218E8A3D24743DB700538A5C /* Vertex.swift in Sources */ = {isa = PBXBuildFile; fileRef = 218E8A3C24743DB700538A5C /* Vertex.swift */; };
		218E8A8224777F9B00538A5C /* AdjacencyList.swift in Sources */ = {isa = PBXBuildFile; fileRef = 218E8A1824741D6900538A5C /* AdjacencyList.swift */; };
		218E8A8324777F9B00538A5C /* Vertex.swift in Sources */ = {isa = PBXBuildFile; fileRef = 218E8A3C24743DB700538A5C /* Vertex.swift */; };
		218E8A852477806B00538A5C /* UndirectedGraphTests.swift in Sources */ = {isa = PBXBuildFile; fileRef = 218E8A792477793800538A5C /* UndirectedGraphTests.swift */; };
/* End PBXBuildFile section */

/* Begin PBXCopyFilesBuildPhase section */
		218E8A0C24741D4700538A5C /* CopyFiles */ = {
			isa = PBXCopyFilesBuildPhase;
			buildActionMask = 2147483647;
			dstPath = /usr/share/man/man1/;
			dstSubfolderSpec = 0;
			files = (
			);
			runOnlyForDeploymentPostprocessing = 1;
		};
/* End PBXCopyFilesBuildPhase section */

/* Begin PBXFileReference section */
		218E8A0E24741D4700538A5C /* UndirectedGraph */ = {isa = PBXFileReference; explicitFileType = "compiled.mach-o.executable"; includeInIndex = 0; path = UndirectedGraph; sourceTree = BUILT_PRODUCTS_DIR; };
		218E8A1124741D4700538A5C /* main.swift */ = {isa = PBXFileReference; lastKnownFileType = sourcecode.swift; path = main.swift; sourceTree = "<group>"; };
		218E8A1824741D6900538A5C /* AdjacencyList.swift */ = {isa = PBXFileReference; lastKnownFileType = sourcecode.swift; path = AdjacencyList.swift; sourceTree = "<group>"; };
		218E8A3C24743DB700538A5C /* Vertex.swift */ = {isa = PBXFileReference; lastKnownFileType = sourcecode.swift; path = Vertex.swift; sourceTree = "<group>"; };
		218E8A6A2476BAB500538A5C /* Info.plist */ = {isa = PBXFileReference; fileEncoding = 4; lastKnownFileType = text.plist.xml; path = Info.plist; sourceTree = "<group>"; };
		218E8A772477793800538A5C /* UndirectedGraphTests.xctest */ = {isa = PBXFileReference; explicitFileType = wrapper.cfbundle; includeInIndex = 0; path = UndirectedGraphTests.xctest; sourceTree = BUILT_PRODUCTS_DIR; };
		218E8A792477793800538A5C /* UndirectedGraphTests.swift */ = {isa = PBXFileReference; lastKnownFileType = sourcecode.swift; path = UndirectedGraphTests.swift; sourceTree = "<group>"; };
		218E8A7B2477793800538A5C /* Info.plist */ = {isa = PBXFileReference; lastKnownFileType = text.plist.xml; path = Info.plist; sourceTree = "<group>"; };
/* End PBXFileReference section */

/* Begin PBXFrameworksBuildPhase section */
		218E8A0B24741D4700538A5C /* Frameworks */ = {
			isa = PBXFrameworksBuildPhase;
			buildActionMask = 2147483647;
			files = (
			);
			runOnlyForDeploymentPostprocessing = 0;
		};
		218E8A742477793800538A5C /* Frameworks */ = {
			isa = PBXFrameworksBuildPhase;
			buildActionMask = 2147483647;
			files = (
			);
			runOnlyForDeploymentPostprocessing = 0;
		};
/* End PBXFrameworksBuildPhase section */

/* Begin PBXGroup section */
		218E8A0524741D4600538A5C = {
			isa = PBXGroup;
			children = (
				218E8A1024741D4700538A5C /* UndirectedGraph */,
				218E8A782477793800538A5C /* UndirectedGraphTests */,
				218E8A0F24741D4700538A5C /* Products */,
			);
			sourceTree = "<group>";
		};
		218E8A0F24741D4700538A5C /* Products */ = {
			isa = PBXGroup;
			children = (
				218E8A0E24741D4700538A5C /* UndirectedGraph */,
				218E8A772477793800538A5C /* UndirectedGraphTests.xctest */,
			);
			name = Products;
			sourceTree = "<group>";
		};
		218E8A1024741D4700538A5C /* UndirectedGraph */ = {
			isa = PBXGroup;
			children = (
				218E8A6A2476BAB500538A5C /* Info.plist */,
				218E8A1124741D4700538A5C /* main.swift */,
				218E8A1824741D6900538A5C /* AdjacencyList.swift */,
				218E8A3C24743DB700538A5C /* Vertex.swift */,
			);
			path = UndirectedGraph;
			sourceTree = "<group>";
		};
		218E8A782477793800538A5C /* UndirectedGraphTests */ = {
			isa = PBXGroup;
			children = (
				218E8A792477793800538A5C /* UndirectedGraphTests.swift */,
				218E8A7B2477793800538A5C /* Info.plist */,
			);
			path = UndirectedGraphTests;
			sourceTree = "<group>";
		};
/* End PBXGroup section */

/* Begin PBXNativeTarget section */
		218E8A0D24741D4700538A5C /* UndirectedGraph */ = {
			isa = PBXNativeTarget;
			buildConfigurationList = 218E8A1524741D4700538A5C /* Build configuration list for PBXNativeTarget "UndirectedGraph" */;
			buildPhases = (
				218E8A0A24741D4700538A5C /* Sources */,
				218E8A0B24741D4700538A5C /* Frameworks */,
				218E8A0C24741D4700538A5C /* CopyFiles */,
			);
			buildRules = (
			);
			dependencies = (
			);
			name = UndirectedGraph;
			productName = UndirectedGraph;
			productReference = 218E8A0E24741D4700538A5C /* UndirectedGraph */;
			productType = "com.apple.product-type.tool";
		};
		218E8A762477793800538A5C /* UndirectedGraphTests */ = {
			isa = PBXNativeTarget;
			buildConfigurationList = 218E8A7C2477793800538A5C /* Build configuration list for PBXNativeTarget "UndirectedGraphTests" */;
			buildPhases = (
				218E8A732477793800538A5C /* Sources */,
				218E8A742477793800538A5C /* Frameworks */,
				218E8A752477793800538A5C /* Resources */,
			);
			buildRules = (
			);
			dependencies = (
			);
			name = UndirectedGraphTests;
			productName = UndirectedGraphTests;
			productReference = 218E8A772477793800538A5C /* UndirectedGraphTests.xctest */;
			productType = "com.apple.product-type.bundle.unit-test";
		};
/* End PBXNativeTarget section */

/* Begin PBXProject section */
		218E8A0624741D4600538A5C /* Project object */ = {
			isa = PBXProject;
			attributes = {
				LastSwiftUpdateCheck = 1140;
				LastUpgradeCheck = 1140;
				ORGANIZATIONNAME = Pan;
				TargetAttributes = {
					218E8A0D24741D4700538A5C = {
						CreatedOnToolsVersion = 11.4;
					};
					218E8A762477793800538A5C = {
						CreatedOnToolsVersion = 11.4;
					};
				};
			};
			buildConfigurationList = 218E8A0924741D4600538A5C /* Build configuration list for PBXProject "UndirectedGraph" */;
			compatibilityVersion = "Xcode 9.3";
			developmentRegion = en;
			hasScannedForEncodings = 0;
			knownRegions = (
				en,
				Base,
			);
			mainGroup = 218E8A0524741D4600538A5C;
			productRefGroup = 218E8A0F24741D4700538A5C /* Products */;
			projectDirPath = "";
			projectRoot = "";
			targets = (
				218E8A0D24741D4700538A5C /* UndirectedGraph */,
				218E8A762477793800538A5C /* UndirectedGraphTests */,
			);
		};
/* End PBXProject section */

/* Begin PBXResourcesBuildPhase section */
		218E8A752477793800538A5C /* Resources */ = {
			isa = PBXResourcesBuildPhase;
			buildActionMask = 2147483647;
			files = (
			);
			runOnlyForDeploymentPostprocessing = 0;
		};
/* End PBXResourcesBuildPhase section */

/* Begin PBXSourcesBuildPhase section */
		218E8A0A24741D4700538A5C /* Sources */ = {
			isa = PBXSourcesBuildPhase;
			buildActionMask = 2147483647;
			files = (
				218E8A1924741D6900538A5C /* AdjacencyList.swift in Sources */,
				218E8A1224741D4700538A5C /* main.swift in Sources */,
				218E8A3D24743DB700538A5C /* Vertex.swift in Sources */,
			);
			runOnlyForDeploymentPostprocessing = 0;
		};
		218E8A732477793800538A5C /* Sources */ = {
			isa = PBXSourcesBuildPhase;
			buildActionMask = 2147483647;
			files = (
				218E8A852477806B00538A5C /* UndirectedGraphTests.swift in Sources */,
				218E8A8224777F9B00538A5C /* AdjacencyList.swift in Sources */,
				218E8A8324777F9B00538A5C /* Vertex.swift in Sources */,
			);
			runOnlyForDeploymentPostprocessing = 0;
		};
/* End PBXSourcesBuildPhase section */

/* Begin XCBuildConfiguration section */
		218E8A1324741D4700538A5C /* Debug */ = {
			isa = XCBuildConfiguration;
			buildSettings = {
				ALWAYS_SEARCH_USER_PATHS = NO;
				CLANG_ANALYZER_NONNULL = YES;
				CLANG_ANALYZER_NUMBER_OBJECT_CONVERSION = YES_AGGRESSIVE;
				CLANG_CXX_LANGUAGE_STANDARD = "gnu++14";
				CLANG_CXX_LIBRARY = "libc++";
				CLANG_ENABLE_MODULES = YES;
				CLANG_ENABLE_OBJC_ARC = YES;
				CLANG_ENABLE_OBJC_WEAK = YES;
				CLANG_WARN_BLOCK_CAPTURE_AUTORELEASING = YES;
				CLANG_WARN_BOOL_CONVERSION = YES;
				CLANG_WARN_COMMA = YES;
				CLANG_WARN_CONSTANT_CONVERSION = YES;
				CLANG_WARN_DEPRECATED_OBJC_IMPLEMENTATIONS = YES;
				CLANG_WARN_DIRECT_OBJC_ISA_USAGE = YES_ERROR;
				CLANG_WARN_DOCUMENTATION_COMMENTS = YES;
				CLANG_WARN_EMPTY_BODY = YES;
				CLANG_WARN_ENUM_CONVERSION = YES;
				CLANG_WARN_INFINITE_RECURSION = YES;
				CLANG_WARN_INT_CONVERSION = YES;
				CLANG_WARN_NON_LITERAL_NULL_CONVERSION = YES;
				CLANG_WARN_OBJC_IMPLICIT_RETAIN_SELF = YES;
				CLANG_WARN_OBJC_LITERAL_CONVERSION = YES;
				CLANG_WARN_OBJC_ROOT_CLASS = YES_ERROR;
				CLANG_WARN_RANGE_LOOP_ANALYSIS = YES;
				CLANG_WARN_STRICT_PROTOTYPES = YES;
				CLANG_WARN_SUSPICIOUS_MOVE = YES;
				CLANG_WARN_UNGUARDED_AVAILABILITY = YES_AGGRESSIVE;
				CLANG_WARN_UNREACHABLE_CODE = YES;
				CLANG_WARN__DUPLICATE_METHOD_MATCH = YES;
				COPY_PHASE_STRIP = NO;
				DEBUG_INFORMATION_FORMAT = dwarf;
				ENABLE_STRICT_OBJC_MSGSEND = YES;
				ENABLE_TESTABILITY = YES;
				GCC_C_LANGUAGE_STANDARD = gnu11;
				GCC_DYNAMIC_NO_PIC = NO;
				GCC_NO_COMMON_BLOCKS = YES;
				GCC_OPTIMIZATION_LEVEL = 0;
				GCC_PREPROCESSOR_DEFINITIONS = (
					"DEBUG=1",
					"$(inherited)",
				);
				GCC_WARN_64_TO_32_BIT_CONVERSION = YES;
				GCC_WARN_ABOUT_RETURN_TYPE = YES_ERROR;
				GCC_WARN_UNDECLARED_SELECTOR = YES;
				GCC_WARN_UNINITIALIZED_AUTOS = YES_AGGRESSIVE;
				GCC_WARN_UNUSED_FUNCTION = YES;
				GCC_WARN_UNUSED_VARIABLE = YES;
				MACOSX_DEPLOYMENT_TARGET = 10.15;
				MTL_ENABLE_DEBUG_INFO = INCLUDE_SOURCE;
				MTL_FAST_MATH = YES;
				ONLY_ACTIVE_ARCH = YES;
				SDKROOT = macosx;
				SWIFT_ACTIVE_COMPILATION_CONDITIONS = DEBUG;
				SWIFT_OPTIMIZATION_LEVEL = "-Onone";
			};
			name = Debug;
		};
		218E8A1424741D4700538A5C /* Release */ = {
			isa = XCBuildConfiguration;
			buildSettings = {
				ALWAYS_SEARCH_USER_PATHS = NO;
				CLANG_ANALYZER_NONNULL = YES;
				CLANG_ANALYZER_NUMBER_OBJECT_CONVERSION = YES_AGGRESSIVE;
				CLANG_CXX_LANGUAGE_STANDARD = "gnu++14";
				CLANG_CXX_LIBRARY = "libc++";
				CLANG_ENABLE_MODULES = YES;
				CLANG_ENABLE_OBJC_ARC = YES;
				CLANG_ENABLE_OBJC_WEAK = YES;
				CLANG_WARN_BLOCK_CAPTURE_AUTORELEASING = YES;
				CLANG_WARN_BOOL_CONVERSION = YES;
				CLANG_WARN_COMMA = YES;
				CLANG_WARN_CONSTANT_CONVERSION = YES;
				CLANG_WARN_DEPRECATED_OBJC_IMPLEMENTATIONS = YES;
				CLANG_WARN_DIRECT_OBJC_ISA_USAGE = YES_ERROR;
				CLANG_WARN_DOCUMENTATION_COMMENTS = YES;
				CLANG_WARN_EMPTY_BODY = YES;
				CLANG_WARN_ENUM_CONVERSION = YES;
				CLANG_WARN_INFINITE_RECURSION = YES;
				CLANG_WARN_INT_CONVERSION = YES;
				CLANG_WARN_NON_LITERAL_NULL_CONVERSION = YES;
				CLANG_WARN_OBJC_IMPLICIT_RETAIN_SELF = YES;
				CLANG_WARN_OBJC_LITERAL_CONVERSION = YES;
				CLANG_WARN_OBJC_ROOT_CLASS = YES_ERROR;
				CLANG_WARN_RANGE_LOOP_ANALYSIS = YES;
				CLANG_WARN_STRICT_PROTOTYPES = YES;
				CLANG_WARN_SUSPICIOUS_MOVE = YES;
				CLANG_WARN_UNGUARDED_AVAILABILITY = YES_AGGRESSIVE;
				CLANG_WARN_UNREACHABLE_CODE = YES;
				CLANG_WARN__DUPLICATE_METHOD_MATCH = YES;
				COPY_PHASE_STRIP = NO;
				DEBUG_INFORMATION_FORMAT = "dwarf-with-dsym";
				ENABLE_NS_ASSERTIONS = NO;
				ENABLE_STRICT_OBJC_MSGSEND = YES;
				GCC_C_LANGUAGE_STANDARD = gnu11;
				GCC_NO_COMMON_BLOCKS = YES;
				GCC_WARN_64_TO_32_BIT_CONVERSION = YES;
				GCC_WARN_ABOUT_RETURN_TYPE = YES_ERROR;
				GCC_WARN_UNDECLARED_SELECTOR = YES;
				GCC_WARN_UNINITIALIZED_AUTOS = YES_AGGRESSIVE;
				GCC_WARN_UNUSED_FUNCTION = YES;
				GCC_WARN_UNUSED_VARIABLE = YES;
				MACOSX_DEPLOYMENT_TARGET = 10.15;
				MTL_ENABLE_DEBUG_INFO = NO;
				MTL_FAST_MATH = YES;
				SDKROOT = macosx;
				SWIFT_COMPILATION_MODE = wholemodule;
				SWIFT_OPTIMIZATION_LEVEL = "-O";
			};
			name = Release;
		};
		218E8A1624741D4700538A5C /* Debug */ = {
			isa = XCBuildConfiguration;
			buildSettings = {
				CODE_SIGN_IDENTITY = "Apple Development";
				CODE_SIGN_STYLE = Automatic;
				DEVELOPMENT_TEAM = 453675ZST2;
				ENABLE_HARDENED_RUNTIME = YES;
				INFOPLIST_FILE = "$(SRCROOT)/UndirectedGraph/Info.plist";
				PRODUCT_BUNDLE_IDENTIFIER = com.panpan.graphs;
				PRODUCT_NAME = "$(TARGET_NAME)";
				SWIFT_VERSION = 5.0;
			};
			name = Debug;
		};
		218E8A1724741D4700538A5C /* Release */ = {
			isa = XCBuildConfiguration;
			buildSettings = {
				CODE_SIGN_IDENTITY = "Apple Development";
				CODE_SIGN_STYLE = Automatic;
				DEVELOPMENT_TEAM = 453675ZST2;
				ENABLE_HARDENED_RUNTIME = YES;
				INFOPLIST_FILE = "$(SRCROOT)/UndirectedGraph/Info.plist";
				PRODUCT_BUNDLE_IDENTIFIER = com.panpan.graphs;
				PRODUCT_NAME = "$(TARGET_NAME)";
				SWIFT_VERSION = 5.0;
			};
			name = Release;
		};
		218E8A7D2477793800538A5C /* Debug */ = {
			isa = XCBuildConfiguration;
			buildSettings = {
				CODE_SIGN_STYLE = Automatic;
				COMBINE_HIDPI_IMAGES = YES;
				DEVELOPMENT_TEAM = 453675ZST2;
				INFOPLIST_FILE = UndirectedGraphTests/Info.plist;
				LD_RUNPATH_SEARCH_PATHS = (
					"$(inherited)",
					"@executable_path/../Frameworks",
					"@loader_path/../Frameworks",
				);
				PRODUCT_BUNDLE_IDENTIFIER = com.panpan.UndirectedGraphTests;
				PRODUCT_NAME = "$(TARGET_NAME)";
				SWIFT_VERSION = 5.0;
			};
			name = Debug;
		};
		218E8A7E2477793800538A5C /* Release */ = {
			isa = XCBuildConfiguration;
			buildSettings = {
				CODE_SIGN_STYLE = Automatic;
				COMBINE_HIDPI_IMAGES = YES;
				DEVELOPMENT_TEAM = 453675ZST2;
				INFOPLIST_FILE = UndirectedGraphTests/Info.plist;
				LD_RUNPATH_SEARCH_PATHS = (
					"$(inherited)",
					"@executable_path/../Frameworks",
					"@loader_path/../Frameworks",
				);
				PRODUCT_BUNDLE_IDENTIFIER = com.panpan.UndirectedGraphTests;
				PRODUCT_NAME = "$(TARGET_NAME)";
				SWIFT_VERSION = 5.0;
			};
			name = Release;
		};
/* End XCBuildConfiguration section */

/* Begin XCConfigurationList section */
		218E8A0924741D4600538A5C /* Build configuration list for PBXProject "UndirectedGraph" */ = {
			isa = XCConfigurationList;
			buildConfigurations = (
				218E8A1324741D4700538A5C /* Debug */,
				218E8A1424741D4700538A5C /* Release */,
			);
			defaultConfigurationIsVisible = 0;
			defaultConfigurationName = Release;
		};
		218E8A1524741D4700538A5C /* Build configuration list for PBXNativeTarget "UndirectedGraph" */ = {
			isa = XCConfigurationList;
			buildConfigurations = (
				218E8A1624741D4700538A5C /* Debug */,
				218E8A1724741D4700538A5C /* Release */,
			);
			defaultConfigurationIsVisible = 0;
			defaultConfigurationName = Release;
		};
		218E8A7C2477793800538A5C /* Build configuration list for PBXNativeTarget "UndirectedGraphTests" */ = {
			isa = XCConfigurationList;
			buildConfigurations = (
				218E8A7D2477793800538A5C /* Debug */,
				218E8A7E2477793800538A5C /* Release */,
			);
			defaultConfigurationIsVisible = 0;
			defaultConfigurationName = Release;
		};
/* End XCConfigurationList section */
	};
	rootObject = 218E8A0624741D4600538A5C /* Project object */;
}
